// !$*UTF8*$!
{
	archiveVersion = 1;
	classes = {
	};
	objectVersion = 52;
	objects = {

/* Begin PBXBuildFile section */
		EB08EF0323195A05005EAD07 /* AppCenterSecret.generated.swift in Sources */ = {isa = PBXBuildFile; fileRef = EB08EF0223195A05005EAD07 /* AppCenterSecret.generated.swift */; };
		EB91B6662306ED6200780E24 /* AppDelegate.swift in Sources */ = {isa = PBXBuildFile; fileRef = EB91B6652306ED6200780E24 /* AppDelegate.swift */; };
		EB91B66D2306ED6300780E24 /* Assets.xcassets in Resources */ = {isa = PBXBuildFile; fileRef = EB91B66C2306ED6300780E24 /* Assets.xcassets */; };
		EB91B6A52307289500780E24 /* AppCenterDistribute.framework in Frameworks */ = {isa = PBXBuildFile; fileRef = EB91B6A32307289500780E24 /* AppCenterDistribute.framework */; };
		EB91B6A62307289500780E24 /* AppCenterCrashes.framework in Frameworks */ = {isa = PBXBuildFile; fileRef = EB91B6A42307289500780E24 /* AppCenterCrashes.framework */; };
		EB91B6AA230728CA00780E24 /* RetroContainer.swift in Sources */ = {isa = PBXBuildFile; fileRef = EB91B6A8230728C900780E24 /* RetroContainer.swift */; };
		EB91B6E0230728E700780E24 /* LoginError.swift in Sources */ = {isa = PBXBuildFile; fileRef = EB91B6AC230728E700780E24 /* LoginError.swift */; };
		EB91B6E1230728E700780E24 /* LoginView.swift in Sources */ = {isa = PBXBuildFile; fileRef = EB91B6AD230728E700780E24 /* LoginView.swift */; };
		EB91B6E2230728E700780E24 /* LoginViewController.swift in Sources */ = {isa = PBXBuildFile; fileRef = EB91B6AE230728E700780E24 /* LoginViewController.swift */; };
		EB91B6E3230728E700780E24 /* RetroTabBarViewController.swift in Sources */ = {isa = PBXBuildFile; fileRef = EB91B6B0230728E700780E24 /* RetroTabBarViewController.swift */; };
		EB91B6E4230728E700780E24 /* ActionItem.swift in Sources */ = {isa = PBXBuildFile; fileRef = EB91B6B3230728E700780E24 /* ActionItem.swift */; };
		EB91B6E5230728E700780E24 /* ActionItemTableViewCell.swift in Sources */ = {isa = PBXBuildFile; fileRef = EB91B6B4230728E700780E24 /* ActionItemTableViewCell.swift */; };
		EB91B6E6230728E700780E24 /* ActionItemsView.swift in Sources */ = {isa = PBXBuildFile; fileRef = EB91B6B5230728E700780E24 /* ActionItemsView.swift */; };
		EB91B6E7230728E700780E24 /* ActionItemsViewController.swift in Sources */ = {isa = PBXBuildFile; fileRef = EB91B6B6230728E700780E24 /* ActionItemsViewController.swift */; };
		EB91B6E8230728E700780E24 /* ActionItemsService.swift in Sources */ = {isa = PBXBuildFile; fileRef = EB91B6B7230728E700780E24 /* ActionItemsService.swift */; };
		EB91B6E9230728E700780E24 /* EditItemViewController.swift in Sources */ = {isa = PBXBuildFile; fileRef = EB91B6B9230728E700780E24 /* EditItemViewController.swift */; };
		EB91B6EA230728E700780E24 /* EditTextView.swift in Sources */ = {isa = PBXBuildFile; fileRef = EB91B6BA230728E700780E24 /* EditTextView.swift */; };
		EB91B6EB230728E700780E24 /* ItemsService.swift in Sources */ = {isa = PBXBuildFile; fileRef = EB91B6BB230728E700780E24 /* ItemsService.swift */; };
		EB91B6EC230728E700780E24 /* Item.swift in Sources */ = {isa = PBXBuildFile; fileRef = EB91B6BC230728E700780E24 /* Item.swift */; };
		EB91B6ED230728E700780E24 /* NewItemCell.swift in Sources */ = {isa = PBXBuildFile; fileRef = EB91B6BE230728E700780E24 /* NewItemCell.swift */; };
		EB91B6EE230728E700780E24 /* NewItemViewController.swift in Sources */ = {isa = PBXBuildFile; fileRef = EB91B6BF230728E700780E24 /* NewItemViewController.swift */; };
		EB91B6EF230728E700780E24 /* NewItemView.swift in Sources */ = {isa = PBXBuildFile; fileRef = EB91B6C0230728E700780E24 /* NewItemView.swift */; };
		EB91B6F0230728E700780E24 /* FeedbackViewController.swift in Sources */ = {isa = PBXBuildFile; fileRef = EB91B6C2230728E700780E24 /* FeedbackViewController.swift */; };
		EB91B6F1230728E700780E24 /* FeedbackFormView.swift in Sources */ = {isa = PBXBuildFile; fileRef = EB91B6C3230728E700780E24 /* FeedbackFormView.swift */; };
		EB91B6F2230728E700780E24 /* Feedback.swift in Sources */ = {isa = PBXBuildFile; fileRef = EB91B6C4230728E700780E24 /* Feedback.swift */; };
		EB91B6F3230728E700780E24 /* ValidatingTextField.swift in Sources */ = {isa = PBXBuildFile; fileRef = EB91B6C5230728E700780E24 /* ValidatingTextField.swift */; };
		EB91B6F4230728E700780E24 /* Thought.swift in Sources */ = {isa = PBXBuildFile; fileRef = EB91B6C7230728E700780E24 /* Thought.swift */; };
		EB91B6F5230728E700780E24 /* ThoughtTableViewCell.swift in Sources */ = {isa = PBXBuildFile; fileRef = EB91B6C8230728E700780E24 /* ThoughtTableViewCell.swift */; };
		EB91B6F6230728E700780E24 /* ThoughtsService.swift in Sources */ = {isa = PBXBuildFile; fileRef = EB91B6C9230728E700780E24 /* ThoughtsService.swift */; };
		EB91B6F7230728E700780E24 /* ThoughtTableViewHeaderView.swift in Sources */ = {isa = PBXBuildFile; fileRef = EB91B6CA230728E700780E24 /* ThoughtTableViewHeaderView.swift */; };
		EB91B6F8230728E700780E24 /* ThoughtsViewController.swift in Sources */ = {isa = PBXBuildFile; fileRef = EB91B6CB230728E700780E24 /* ThoughtsViewController.swift */; };
		EB91B6F9230728E700780E24 /* ThoughtsView.swift in Sources */ = {isa = PBXBuildFile; fileRef = EB91B6CC230728E700780E24 /* ThoughtsView.swift */; };
		EB91B6FA230728E700780E24 /* ColumnName.swift in Sources */ = {isa = PBXBuildFile; fileRef = EB91B6CE230728E700780E24 /* ColumnName.swift */; };
		EB91B6FB230728E700780E24 /* ColumnNameService.swift in Sources */ = {isa = PBXBuildFile; fileRef = EB91B6CF230728E700780E24 /* ColumnNameService.swift */; };
		EB91B6FC230728E700780E24 /* Column.swift in Sources */ = {isa = PBXBuildFile; fileRef = EB91B6D0230728E700780E24 /* Column.swift */; };
		EB91B6FD230728E700780E24 /* RetroCookies.swift in Sources */ = {isa = PBXBuildFile; fileRef = EB91B6D2230728E700780E24 /* RetroCookies.swift */; };
		EB91B6FE230728E700780E24 /* RetroExtensions.swift in Sources */ = {isa = PBXBuildFile; fileRef = EB91B6D3230728E700780E24 /* RetroExtensions.swift */; };
		EB91B6FF230728E700780E24 /* ViewUtils.swift in Sources */ = {isa = PBXBuildFile; fileRef = EB91B6D4230728E700780E24 /* ViewUtils.swift */; };
		EB91B700230728E700780E24 /* PubSub.swift in Sources */ = {isa = PBXBuildFile; fileRef = EB91B6D5230728E700780E24 /* PubSub.swift */; };
		EB91B701230728E700780E24 /* URLManager.swift in Sources */ = {isa = PBXBuildFile; fileRef = EB91B6D6230728E700780E24 /* URLManager.swift */; };
		EB91B702230728E700780E24 /* OutgoingType.swift in Sources */ = {isa = PBXBuildFile; fileRef = EB91B6D7230728E700780E24 /* OutgoingType.swift */; };
		EB91B703230728E700780E24 /* RetroColors.swift in Sources */ = {isa = PBXBuildFile; fileRef = EB91B6D8230728E700780E24 /* RetroColors.swift */; };
		EB91B704230728E700780E24 /* WebSocketService.swift in Sources */ = {isa = PBXBuildFile; fileRef = EB91B6D9230728E700780E24 /* WebSocketService.swift */; };
		EB91B705230728E700780E24 /* NotificationCenterWrapper.swift in Sources */ = {isa = PBXBuildFile; fileRef = EB91B6DA230728E700780E24 /* NotificationCenterWrapper.swift */; };
		EB91B706230728E700780E24 /* RetroNavState.swift in Sources */ = {isa = PBXBuildFile; fileRef = EB91B6DC230728E700780E24 /* RetroNavState.swift */; };
		EB91B707230728E700780E24 /* FlowController.swift in Sources */ = {isa = PBXBuildFile; fileRef = EB91B6DD230728E700780E24 /* FlowController.swift */; };
		EB91B70B2307296E00780E24 /* AppCenter.framework in Frameworks */ = {isa = PBXBuildFile; fileRef = EB91B7092307296E00780E24 /* AppCenter.framework */; };
		EB91B70C2307296E00780E24 /* AppCenterAnalytics.framework in Frameworks */ = {isa = PBXBuildFile; fileRef = EB91B70A2307296E00780E24 /* AppCenterAnalytics.framework */; };
		EB91B73923072AC300780E24 /* FakeFlowController.swift in Sources */ = {isa = PBXBuildFile; fileRef = EB91B70E23072AC300780E24 /* FakeFlowController.swift */; };
		EB91B73A23072AC300780E24 /* FlowControllerSpec.swift in Sources */ = {isa = PBXBuildFile; fileRef = EB91B70F23072AC300780E24 /* FlowControllerSpec.swift */; };
		EB91B73B23072AC300780E24 /* FakeNavigationController.swift in Sources */ = {isa = PBXBuildFile; fileRef = EB91B71023072AC300780E24 /* FakeNavigationController.swift */; };
		EB91B73C23072AC300780E24 /* TestRetroContainer.swift in Sources */ = {isa = PBXBuildFile; fileRef = EB91B71223072AC300780E24 /* TestRetroContainer.swift */; };
		EB91B73D23072AC300780E24 /* RetroTabBarViewControllerSpec.swift in Sources */ = {isa = PBXBuildFile; fileRef = EB91B71423072AC300780E24 /* RetroTabBarViewControllerSpec.swift */; };
		EB91B73E23072AC300780E24 /* FakeActionItemsService.swift in Sources */ = {isa = PBXBuildFile; fileRef = EB91B71723072AC300780E24 /* FakeActionItemsService.swift */; };
		EB91B73F23072AC300780E24 /* ActionItemsViewControllerSpec.swift in Sources */ = {isa = PBXBuildFile; fileRef = EB91B71823072AC300780E24 /* ActionItemsViewControllerSpec.swift */; };
		EB91B74023072AC300780E24 /* FakeActionItemsViewController.swift in Sources */ = {isa = PBXBuildFile; fileRef = EB91B71923072AC300780E24 /* FakeActionItemsViewController.swift */; };
		EB91B74123072AC300780E24 /* ActionItemsServiceSpec.swift in Sources */ = {isa = PBXBuildFile; fileRef = EB91B71A23072AC300780E24 /* ActionItemsServiceSpec.swift */; };
		EB91B74223072AC300780E24 /* ActionItemTableViewCellSpec.swift in Sources */ = {isa = PBXBuildFile; fileRef = EB91B71B23072AC300780E24 /* ActionItemTableViewCellSpec.swift */; };
		EB91B74323072AC300780E24 /* EditItemViewControllerSpec.swift in Sources */ = {isa = PBXBuildFile; fileRef = EB91B71D23072AC300780E24 /* EditItemViewControllerSpec.swift */; };
		EB91B74423072AC300780E24 /* NewItemViewControllerSpec.swift in Sources */ = {isa = PBXBuildFile; fileRef = EB91B71F23072AC300780E24 /* NewItemViewControllerSpec.swift */; };
		EB91B74523072AC300780E24 /* ItemsServiceSpec.swift in Sources */ = {isa = PBXBuildFile; fileRef = EB91B72023072AC300780E24 /* ItemsServiceSpec.swift */; };
		EB91B74623072AC300780E24 /* FakeItemsService.swift in Sources */ = {isa = PBXBuildFile; fileRef = EB91B72123072AC300780E24 /* FakeItemsService.swift */; };
		EB91B74723072AC300780E24 /* FeedbackViewControllerSpec.swift in Sources */ = {isa = PBXBuildFile; fileRef = EB91B72323072AC300780E24 /* FeedbackViewControllerSpec.swift */; };
		EB91B74823072AC300780E24 /* FakeThoughtsViewController.swift in Sources */ = {isa = PBXBuildFile; fileRef = EB91B72523072AC300780E24 /* FakeThoughtsViewController.swift */; };
		EB91B74923072AC300780E24 /* ThoughtTableViewCellSpec.swift in Sources */ = {isa = PBXBuildFile; fileRef = EB91B72623072AC300780E24 /* ThoughtTableViewCellSpec.swift */; };
		EB91B74A23072AC300780E24 /* ThoughtsViewControllerSpec.swift in Sources */ = {isa = PBXBuildFile; fileRef = EB91B72723072AC300780E24 /* ThoughtsViewControllerSpec.swift */; };
		EB91B74B23072AC300780E24 /* FakeThoughtsService.swift in Sources */ = {isa = PBXBuildFile; fileRef = EB91B72823072AC300780E24 /* FakeThoughtsService.swift */; };
		EB91B74C23072AC300780E24 /* ThoughtsServiceSpec.swift in Sources */ = {isa = PBXBuildFile; fileRef = EB91B72923072AC300780E24 /* ThoughtsServiceSpec.swift */; };
		EB91B74D23072AC300780E24 /* ColumnNamesServiceSpec.swift in Sources */ = {isa = PBXBuildFile; fileRef = EB91B72B23072AC300780E24 /* ColumnNamesServiceSpec.swift */; };
		EB91B74E23072AC300780E24 /* FakeColumnNameService.swift in Sources */ = {isa = PBXBuildFile; fileRef = EB91B72C23072AC300780E24 /* FakeColumnNameService.swift */; };
		EB91B74F23072AC300780E24 /* LoginViewControllerSpec.swift in Sources */ = {isa = PBXBuildFile; fileRef = EB91B72E23072AC300780E24 /* LoginViewControllerSpec.swift */; };
		EB91B75023072AC300780E24 /* URLManagerSpec.swift in Sources */ = {isa = PBXBuildFile; fileRef = EB91B73023072AC300780E24 /* URLManagerSpec.swift */; };
		EB91B75123072AC300780E24 /* RetroCookiesSpec.swift in Sources */ = {isa = PBXBuildFile; fileRef = EB91B73123072AC300780E24 /* RetroCookiesSpec.swift */; };
		EB91B75223072AC300780E24 /* WebSocketServiceSpec.swift in Sources */ = {isa = PBXBuildFile; fileRef = EB91B73323072AC300780E24 /* WebSocketServiceSpec.swift */; };
		EB91B75323072AC300780E24 /* FakeWebSocketService.swift in Sources */ = {isa = PBXBuildFile; fileRef = EB91B73423072AC300780E24 /* FakeWebSocketService.swift */; };
		EB91B75423072AC300780E24 /* FakeStompClientLib.swift in Sources */ = {isa = PBXBuildFile; fileRef = EB91B73523072AC300780E24 /* FakeStompClientLib.swift */; };
		EB91B75523072AC300780E24 /* ViewUtilsSpec.swift in Sources */ = {isa = PBXBuildFile; fileRef = EB91B73623072AC300780E24 /* ViewUtilsSpec.swift */; };
		EB91B75623072AC300780E24 /* FakeNotificationCenterWrapper.swift in Sources */ = {isa = PBXBuildFile; fileRef = EB91B73723072AC300780E24 /* FakeNotificationCenterWrapper.swift */; };
		EB91B75723072AC300780E24 /* TestHelpers.swift in Sources */ = {isa = PBXBuildFile; fileRef = EB91B73823072AC300780E24 /* TestHelpers.swift */; };
		EBB986FF23072CA90013EB90 /* RetroquestServerURL.generated.swift in Sources */ = {isa = PBXBuildFile; fileRef = EBB986FE23072CA90013EB90 /* RetroquestServerURL.generated.swift */; };
		EBB9870423072CF80013EB90 /* Quicksand-Bold.ttf in Resources */ = {isa = PBXBuildFile; fileRef = EBB9870223072CF70013EB90 /* Quicksand-Bold.ttf */; };
		EBB9870523072CF80013EB90 /* Quicksand-Medium.ttf in Resources */ = {isa = PBXBuildFile; fileRef = EBB9870323072CF80013EB90 /* Quicksand-Medium.ttf */; };
		EBB9870823072D120013EB90 /* Localizable.strings in Resources */ = {isa = PBXBuildFile; fileRef = EBB9870623072D120013EB90 /* Localizable.strings */; };
		EBC5EF27232C1A0B00FB5ABA /* StompClientLib in Frameworks */ = {isa = PBXBuildFile; productRef = EBC5EF26232C1A0B00FB5ABA /* StompClientLib */; };
		EBC5EF2D232C1B1A00FB5ABA /* Swinject in Frameworks */ = {isa = PBXBuildFile; productRef = EBC5EF2C232C1B1A00FB5ABA /* Swinject */; };
		EBC5EF30232C1BAC00FB5ABA /* FontAwesome in Frameworks */ = {isa = PBXBuildFile; productRef = EBC5EF2F232C1BAC00FB5ABA /* FontAwesome */; };
		EBC5EF33232C1DBF00FB5ABA /* Quick in Frameworks */ = {isa = PBXBuildFile; productRef = EBC5EF32232C1DBF00FB5ABA /* Quick */; };
		EBC5EF36232C1DF300FB5ABA /* Nimble in Frameworks */ = {isa = PBXBuildFile; productRef = EBC5EF35232C1DF300FB5ABA /* Nimble */; };
		EBC5EF39232C1E3400FB5ABA /* Hippolyte in Frameworks */ = {isa = PBXBuildFile; productRef = EBC5EF38232C1E3400FB5ABA /* Hippolyte */; };
		EBC5EF3D23301BC900FB5ABA /* Font Awesome 5 Free-Regular-400.otf in Resources */ = {isa = PBXBuildFile; fileRef = EBC5EF3A23301BC900FB5ABA /* Font Awesome 5 Free-Regular-400.otf */; };
		EBC5EF3E23301BC900FB5ABA /* Font Awesome 5 Brands-Regular-400.otf in Resources */ = {isa = PBXBuildFile; fileRef = EBC5EF3B23301BC900FB5ABA /* Font Awesome 5 Brands-Regular-400.otf */; };
		EBC5EF3F23301BC900FB5ABA /* Font Awesome 5 Free-Solid-900.otf in Resources */ = {isa = PBXBuildFile; fileRef = EBC5EF3C23301BC900FB5ABA /* Font Awesome 5 Free-Solid-900.otf */; };
		EBC5EF4223301E5C00FB5ABA /* M13Checkbox in Frameworks */ = {isa = PBXBuildFile; productRef = EBC5EF4123301E5C00FB5ABA /* M13Checkbox */; };
		EBCDBEA8246DDAB700C65F14 /* ThoughtsTableViewCellSwiftUI.swift in Sources */ = {isa = PBXBuildFile; fileRef = EBCDBEA7246DDAB700C65F14 /* ThoughtsTableViewCellSwiftUI.swift */; };
		EBCDBEAB246DE74D00C65F14 /* FASwiftUI in Frameworks */ = {isa = PBXBuildFile; productRef = EBCDBEAA246DE74D00C65F14 /* FASwiftUI */; };
		EBCDBEAD246DE9D000C65F14 /* icons.json in Resources */ = {isa = PBXBuildFile; fileRef = EBCDBEAC246DE9D000C65F14 /* icons.json */; };
/* End PBXBuildFile section */

/* Begin PBXContainerItemProxy section */
		EB91B6772306ED6300780E24 /* PBXContainerItemProxy */ = {
			isa = PBXContainerItemProxy;
			containerPortal = EB91B65A2306ED6200780E24 /* Project object */;
			proxyType = 1;
			remoteGlobalIDString = EB91B6612306ED6200780E24;
			remoteInfo = retroquest;
		};
/* End PBXContainerItemProxy section */

/* Begin PBXFileReference section */
		EB08EF0223195A05005EAD07 /* AppCenterSecret.generated.swift */ = {isa = PBXFileReference; fileEncoding = 4; lastKnownFileType = sourcecode.swift; path = AppCenterSecret.generated.swift; sourceTree = "<group>"; };
		EB91B6622306ED6200780E24 /* retroquest.app */ = {isa = PBXFileReference; explicitFileType = wrapper.application; includeInIndex = 0; path = retroquest.app; sourceTree = BUILT_PRODUCTS_DIR; };
		EB91B6652306ED6200780E24 /* AppDelegate.swift */ = {isa = PBXFileReference; lastKnownFileType = sourcecode.swift; path = AppDelegate.swift; sourceTree = "<group>"; };
		EB91B66C2306ED6300780E24 /* Assets.xcassets */ = {isa = PBXFileReference; lastKnownFileType = folder.assetcatalog; path = Assets.xcassets; sourceTree = "<group>"; };
		EB91B6712306ED6300780E24 /* Info.plist */ = {isa = PBXFileReference; lastKnownFileType = text.plist.xml; path = Info.plist; sourceTree = "<group>"; };
		EB91B6762306ED6300780E24 /* retroquestTests.xctest */ = {isa = PBXFileReference; explicitFileType = wrapper.cfbundle; includeInIndex = 0; path = retroquestTests.xctest; sourceTree = BUILT_PRODUCTS_DIR; };
		EB91B67C2306ED6300780E24 /* Info.plist */ = {isa = PBXFileReference; lastKnownFileType = text.plist.xml; path = Info.plist; sourceTree = "<group>"; };
		EB91B6A32307289500780E24 /* AppCenterDistribute.framework */ = {isa = PBXFileReference; lastKnownFileType = wrapper.framework; name = AppCenterDistribute.framework; path = Vendor/AppCenterDistribute.framework; sourceTree = "<group>"; };
		EB91B6A42307289500780E24 /* AppCenterCrashes.framework */ = {isa = PBXFileReference; lastKnownFileType = wrapper.framework; name = AppCenterCrashes.framework; path = Vendor/AppCenterCrashes.framework; sourceTree = "<group>"; };
		EB91B6A8230728C900780E24 /* RetroContainer.swift */ = {isa = PBXFileReference; fileEncoding = 4; lastKnownFileType = sourcecode.swift; path = RetroContainer.swift; sourceTree = "<group>"; };
		EB91B6AC230728E700780E24 /* LoginError.swift */ = {isa = PBXFileReference; fileEncoding = 4; lastKnownFileType = sourcecode.swift; path = LoginError.swift; sourceTree = "<group>"; };
		EB91B6AD230728E700780E24 /* LoginView.swift */ = {isa = PBXFileReference; fileEncoding = 4; lastKnownFileType = sourcecode.swift; path = LoginView.swift; sourceTree = "<group>"; };
		EB91B6AE230728E700780E24 /* LoginViewController.swift */ = {isa = PBXFileReference; fileEncoding = 4; lastKnownFileType = sourcecode.swift; path = LoginViewController.swift; sourceTree = "<group>"; };
		EB91B6B0230728E700780E24 /* RetroTabBarViewController.swift */ = {isa = PBXFileReference; fileEncoding = 4; lastKnownFileType = sourcecode.swift; path = RetroTabBarViewController.swift; sourceTree = "<group>"; };
		EB91B6B3230728E700780E24 /* ActionItem.swift */ = {isa = PBXFileReference; fileEncoding = 4; lastKnownFileType = sourcecode.swift; path = ActionItem.swift; sourceTree = "<group>"; };
		EB91B6B4230728E700780E24 /* ActionItemTableViewCell.swift */ = {isa = PBXFileReference; fileEncoding = 4; lastKnownFileType = sourcecode.swift; path = ActionItemTableViewCell.swift; sourceTree = "<group>"; };
		EB91B6B5230728E700780E24 /* ActionItemsView.swift */ = {isa = PBXFileReference; fileEncoding = 4; lastKnownFileType = sourcecode.swift; path = ActionItemsView.swift; sourceTree = "<group>"; };
		EB91B6B6230728E700780E24 /* ActionItemsViewController.swift */ = {isa = PBXFileReference; fileEncoding = 4; lastKnownFileType = sourcecode.swift; path = ActionItemsViewController.swift; sourceTree = "<group>"; };
		EB91B6B7230728E700780E24 /* ActionItemsService.swift */ = {isa = PBXFileReference; fileEncoding = 4; lastKnownFileType = sourcecode.swift; path = ActionItemsService.swift; sourceTree = "<group>"; };
		EB91B6B9230728E700780E24 /* EditItemViewController.swift */ = {isa = PBXFileReference; fileEncoding = 4; lastKnownFileType = sourcecode.swift; path = EditItemViewController.swift; sourceTree = "<group>"; };
		EB91B6BA230728E700780E24 /* EditTextView.swift */ = {isa = PBXFileReference; fileEncoding = 4; lastKnownFileType = sourcecode.swift; path = EditTextView.swift; sourceTree = "<group>"; };
		EB91B6BB230728E700780E24 /* ItemsService.swift */ = {isa = PBXFileReference; fileEncoding = 4; lastKnownFileType = sourcecode.swift; path = ItemsService.swift; sourceTree = "<group>"; };
		EB91B6BC230728E700780E24 /* Item.swift */ = {isa = PBXFileReference; fileEncoding = 4; lastKnownFileType = sourcecode.swift; path = Item.swift; sourceTree = "<group>"; };
		EB91B6BE230728E700780E24 /* NewItemCell.swift */ = {isa = PBXFileReference; fileEncoding = 4; lastKnownFileType = sourcecode.swift; path = NewItemCell.swift; sourceTree = "<group>"; };
		EB91B6BF230728E700780E24 /* NewItemViewController.swift */ = {isa = PBXFileReference; fileEncoding = 4; lastKnownFileType = sourcecode.swift; path = NewItemViewController.swift; sourceTree = "<group>"; };
		EB91B6C0230728E700780E24 /* NewItemView.swift */ = {isa = PBXFileReference; fileEncoding = 4; lastKnownFileType = sourcecode.swift; path = NewItemView.swift; sourceTree = "<group>"; };
		EB91B6C2230728E700780E24 /* FeedbackViewController.swift */ = {isa = PBXFileReference; fileEncoding = 4; lastKnownFileType = sourcecode.swift; path = FeedbackViewController.swift; sourceTree = "<group>"; };
		EB91B6C3230728E700780E24 /* FeedbackFormView.swift */ = {isa = PBXFileReference; fileEncoding = 4; lastKnownFileType = sourcecode.swift; path = FeedbackFormView.swift; sourceTree = "<group>"; };
		EB91B6C4230728E700780E24 /* Feedback.swift */ = {isa = PBXFileReference; fileEncoding = 4; lastKnownFileType = sourcecode.swift; path = Feedback.swift; sourceTree = "<group>"; };
		EB91B6C5230728E700780E24 /* ValidatingTextField.swift */ = {isa = PBXFileReference; fileEncoding = 4; lastKnownFileType = sourcecode.swift; path = ValidatingTextField.swift; sourceTree = "<group>"; };
		EB91B6C7230728E700780E24 /* Thought.swift */ = {isa = PBXFileReference; fileEncoding = 4; lastKnownFileType = sourcecode.swift; path = Thought.swift; sourceTree = "<group>"; };
		EB91B6C8230728E700780E24 /* ThoughtTableViewCell.swift */ = {isa = PBXFileReference; fileEncoding = 4; lastKnownFileType = sourcecode.swift; path = ThoughtTableViewCell.swift; sourceTree = "<group>"; };
		EB91B6C9230728E700780E24 /* ThoughtsService.swift */ = {isa = PBXFileReference; fileEncoding = 4; lastKnownFileType = sourcecode.swift; path = ThoughtsService.swift; sourceTree = "<group>"; };
		EB91B6CA230728E700780E24 /* ThoughtTableViewHeaderView.swift */ = {isa = PBXFileReference; fileEncoding = 4; lastKnownFileType = sourcecode.swift; path = ThoughtTableViewHeaderView.swift; sourceTree = "<group>"; };
		EB91B6CB230728E700780E24 /* ThoughtsViewController.swift */ = {isa = PBXFileReference; fileEncoding = 4; lastKnownFileType = sourcecode.swift; path = ThoughtsViewController.swift; sourceTree = "<group>"; };
		EB91B6CC230728E700780E24 /* ThoughtsView.swift */ = {isa = PBXFileReference; fileEncoding = 4; lastKnownFileType = sourcecode.swift; path = ThoughtsView.swift; sourceTree = "<group>"; };
		EB91B6CE230728E700780E24 /* ColumnName.swift */ = {isa = PBXFileReference; fileEncoding = 4; lastKnownFileType = sourcecode.swift; path = ColumnName.swift; sourceTree = "<group>"; };
		EB91B6CF230728E700780E24 /* ColumnNameService.swift */ = {isa = PBXFileReference; fileEncoding = 4; lastKnownFileType = sourcecode.swift; path = ColumnNameService.swift; sourceTree = "<group>"; };
		EB91B6D0230728E700780E24 /* Column.swift */ = {isa = PBXFileReference; fileEncoding = 4; lastKnownFileType = sourcecode.swift; path = Column.swift; sourceTree = "<group>"; };
		EB91B6D2230728E700780E24 /* RetroCookies.swift */ = {isa = PBXFileReference; fileEncoding = 4; lastKnownFileType = sourcecode.swift; path = RetroCookies.swift; sourceTree = "<group>"; };
		EB91B6D3230728E700780E24 /* RetroExtensions.swift */ = {isa = PBXFileReference; fileEncoding = 4; lastKnownFileType = sourcecode.swift; path = RetroExtensions.swift; sourceTree = "<group>"; };
		EB91B6D4230728E700780E24 /* ViewUtils.swift */ = {isa = PBXFileReference; fileEncoding = 4; lastKnownFileType = sourcecode.swift; path = ViewUtils.swift; sourceTree = "<group>"; };
		EB91B6D5230728E700780E24 /* PubSub.swift */ = {isa = PBXFileReference; fileEncoding = 4; lastKnownFileType = sourcecode.swift; path = PubSub.swift; sourceTree = "<group>"; };
		EB91B6D6230728E700780E24 /* URLManager.swift */ = {isa = PBXFileReference; fileEncoding = 4; lastKnownFileType = sourcecode.swift; path = URLManager.swift; sourceTree = "<group>"; };
		EB91B6D7230728E700780E24 /* OutgoingType.swift */ = {isa = PBXFileReference; fileEncoding = 4; lastKnownFileType = sourcecode.swift; path = OutgoingType.swift; sourceTree = "<group>"; };
		EB91B6D8230728E700780E24 /* RetroColors.swift */ = {isa = PBXFileReference; fileEncoding = 4; lastKnownFileType = sourcecode.swift; path = RetroColors.swift; sourceTree = "<group>"; };
		EB91B6D9230728E700780E24 /* WebSocketService.swift */ = {isa = PBXFileReference; fileEncoding = 4; lastKnownFileType = sourcecode.swift; path = WebSocketService.swift; sourceTree = "<group>"; };
		EB91B6DA230728E700780E24 /* NotificationCenterWrapper.swift */ = {isa = PBXFileReference; fileEncoding = 4; lastKnownFileType = sourcecode.swift; path = NotificationCenterWrapper.swift; sourceTree = "<group>"; };
		EB91B6DC230728E700780E24 /* RetroNavState.swift */ = {isa = PBXFileReference; fileEncoding = 4; lastKnownFileType = sourcecode.swift; path = RetroNavState.swift; sourceTree = "<group>"; };
		EB91B6DD230728E700780E24 /* FlowController.swift */ = {isa = PBXFileReference; fileEncoding = 4; lastKnownFileType = sourcecode.swift; path = FlowController.swift; sourceTree = "<group>"; };
		EB91B7092307296E00780E24 /* AppCenter.framework */ = {isa = PBXFileReference; lastKnownFileType = wrapper.framework; name = AppCenter.framework; path = Vendor/AppCenter.framework; sourceTree = "<group>"; };
		EB91B70A2307296E00780E24 /* AppCenterAnalytics.framework */ = {isa = PBXFileReference; lastKnownFileType = wrapper.framework; name = AppCenterAnalytics.framework; path = Vendor/AppCenterAnalytics.framework; sourceTree = "<group>"; };
		EB91B70E23072AC300780E24 /* FakeFlowController.swift */ = {isa = PBXFileReference; fileEncoding = 4; lastKnownFileType = sourcecode.swift; path = FakeFlowController.swift; sourceTree = "<group>"; };
		EB91B70F23072AC300780E24 /* FlowControllerSpec.swift */ = {isa = PBXFileReference; fileEncoding = 4; lastKnownFileType = sourcecode.swift; path = FlowControllerSpec.swift; sourceTree = "<group>"; };
		EB91B71023072AC300780E24 /* FakeNavigationController.swift */ = {isa = PBXFileReference; fileEncoding = 4; lastKnownFileType = sourcecode.swift; path = FakeNavigationController.swift; sourceTree = "<group>"; };
		EB91B71223072AC300780E24 /* TestRetroContainer.swift */ = {isa = PBXFileReference; fileEncoding = 4; lastKnownFileType = sourcecode.swift; path = TestRetroContainer.swift; sourceTree = "<group>"; };
		EB91B71423072AC300780E24 /* RetroTabBarViewControllerSpec.swift */ = {isa = PBXFileReference; fileEncoding = 4; lastKnownFileType = sourcecode.swift; path = RetroTabBarViewControllerSpec.swift; sourceTree = "<group>"; };
		EB91B71723072AC300780E24 /* FakeActionItemsService.swift */ = {isa = PBXFileReference; fileEncoding = 4; lastKnownFileType = sourcecode.swift; path = FakeActionItemsService.swift; sourceTree = "<group>"; };
		EB91B71823072AC300780E24 /* ActionItemsViewControllerSpec.swift */ = {isa = PBXFileReference; fileEncoding = 4; lastKnownFileType = sourcecode.swift; path = ActionItemsViewControllerSpec.swift; sourceTree = "<group>"; };
		EB91B71923072AC300780E24 /* FakeActionItemsViewController.swift */ = {isa = PBXFileReference; fileEncoding = 4; lastKnownFileType = sourcecode.swift; path = FakeActionItemsViewController.swift; sourceTree = "<group>"; };
		EB91B71A23072AC300780E24 /* ActionItemsServiceSpec.swift */ = {isa = PBXFileReference; fileEncoding = 4; lastKnownFileType = sourcecode.swift; path = ActionItemsServiceSpec.swift; sourceTree = "<group>"; };
		EB91B71B23072AC300780E24 /* ActionItemTableViewCellSpec.swift */ = {isa = PBXFileReference; fileEncoding = 4; lastKnownFileType = sourcecode.swift; path = ActionItemTableViewCellSpec.swift; sourceTree = "<group>"; };
		EB91B71D23072AC300780E24 /* EditItemViewControllerSpec.swift */ = {isa = PBXFileReference; fileEncoding = 4; lastKnownFileType = sourcecode.swift; path = EditItemViewControllerSpec.swift; sourceTree = "<group>"; };
		EB91B71F23072AC300780E24 /* NewItemViewControllerSpec.swift */ = {isa = PBXFileReference; fileEncoding = 4; lastKnownFileType = sourcecode.swift; path = NewItemViewControllerSpec.swift; sourceTree = "<group>"; };
		EB91B72023072AC300780E24 /* ItemsServiceSpec.swift */ = {isa = PBXFileReference; fileEncoding = 4; lastKnownFileType = sourcecode.swift; path = ItemsServiceSpec.swift; sourceTree = "<group>"; };
		EB91B72123072AC300780E24 /* FakeItemsService.swift */ = {isa = PBXFileReference; fileEncoding = 4; lastKnownFileType = sourcecode.swift; path = FakeItemsService.swift; sourceTree = "<group>"; };
		EB91B72323072AC300780E24 /* FeedbackViewControllerSpec.swift */ = {isa = PBXFileReference; fileEncoding = 4; lastKnownFileType = sourcecode.swift; path = FeedbackViewControllerSpec.swift; sourceTree = "<group>"; };
		EB91B72523072AC300780E24 /* FakeThoughtsViewController.swift */ = {isa = PBXFileReference; fileEncoding = 4; lastKnownFileType = sourcecode.swift; path = FakeThoughtsViewController.swift; sourceTree = "<group>"; };
		EB91B72623072AC300780E24 /* ThoughtTableViewCellSpec.swift */ = {isa = PBXFileReference; fileEncoding = 4; lastKnownFileType = sourcecode.swift; path = ThoughtTableViewCellSpec.swift; sourceTree = "<group>"; };
		EB91B72723072AC300780E24 /* ThoughtsViewControllerSpec.swift */ = {isa = PBXFileReference; fileEncoding = 4; lastKnownFileType = sourcecode.swift; path = ThoughtsViewControllerSpec.swift; sourceTree = "<group>"; };
		EB91B72823072AC300780E24 /* FakeThoughtsService.swift */ = {isa = PBXFileReference; fileEncoding = 4; lastKnownFileType = sourcecode.swift; path = FakeThoughtsService.swift; sourceTree = "<group>"; };
		EB91B72923072AC300780E24 /* ThoughtsServiceSpec.swift */ = {isa = PBXFileReference; fileEncoding = 4; lastKnownFileType = sourcecode.swift; path = ThoughtsServiceSpec.swift; sourceTree = "<group>"; };
		EB91B72B23072AC300780E24 /* ColumnNamesServiceSpec.swift */ = {isa = PBXFileReference; fileEncoding = 4; lastKnownFileType = sourcecode.swift; path = ColumnNamesServiceSpec.swift; sourceTree = "<group>"; };
		EB91B72C23072AC300780E24 /* FakeColumnNameService.swift */ = {isa = PBXFileReference; fileEncoding = 4; lastKnownFileType = sourcecode.swift; path = FakeColumnNameService.swift; sourceTree = "<group>"; };
		EB91B72E23072AC300780E24 /* LoginViewControllerSpec.swift */ = {isa = PBXFileReference; fileEncoding = 4; lastKnownFileType = sourcecode.swift; path = LoginViewControllerSpec.swift; sourceTree = "<group>"; };
		EB91B73023072AC300780E24 /* URLManagerSpec.swift */ = {isa = PBXFileReference; fileEncoding = 4; lastKnownFileType = sourcecode.swift; path = URLManagerSpec.swift; sourceTree = "<group>"; };
		EB91B73123072AC300780E24 /* RetroCookiesSpec.swift */ = {isa = PBXFileReference; fileEncoding = 4; lastKnownFileType = sourcecode.swift; path = RetroCookiesSpec.swift; sourceTree = "<group>"; };
		EB91B73323072AC300780E24 /* WebSocketServiceSpec.swift */ = {isa = PBXFileReference; fileEncoding = 4; lastKnownFileType = sourcecode.swift; path = WebSocketServiceSpec.swift; sourceTree = "<group>"; };
		EB91B73423072AC300780E24 /* FakeWebSocketService.swift */ = {isa = PBXFileReference; fileEncoding = 4; lastKnownFileType = sourcecode.swift; path = FakeWebSocketService.swift; sourceTree = "<group>"; };
		EB91B73523072AC300780E24 /* FakeStompClientLib.swift */ = {isa = PBXFileReference; fileEncoding = 4; lastKnownFileType = sourcecode.swift; path = FakeStompClientLib.swift; sourceTree = "<group>"; };
		EB91B73623072AC300780E24 /* ViewUtilsSpec.swift */ = {isa = PBXFileReference; fileEncoding = 4; lastKnownFileType = sourcecode.swift; path = ViewUtilsSpec.swift; sourceTree = "<group>"; };
		EB91B73723072AC300780E24 /* FakeNotificationCenterWrapper.swift */ = {isa = PBXFileReference; fileEncoding = 4; lastKnownFileType = sourcecode.swift; path = FakeNotificationCenterWrapper.swift; sourceTree = "<group>"; };
		EB91B73823072AC300780E24 /* TestHelpers.swift */ = {isa = PBXFileReference; fileEncoding = 4; lastKnownFileType = sourcecode.swift; path = TestHelpers.swift; sourceTree = "<group>"; };
		EBB986FE23072CA90013EB90 /* RetroquestServerURL.generated.swift */ = {isa = PBXFileReference; fileEncoding = 4; lastKnownFileType = sourcecode.swift; path = RetroquestServerURL.generated.swift; sourceTree = "<group>"; };
		EBB9870223072CF70013EB90 /* Quicksand-Bold.ttf */ = {isa = PBXFileReference; lastKnownFileType = file; name = "Quicksand-Bold.ttf"; path = "Fonts/Quicksand-Bold.ttf"; sourceTree = "<group>"; };
		EBB9870323072CF80013EB90 /* Quicksand-Medium.ttf */ = {isa = PBXFileReference; lastKnownFileType = file; name = "Quicksand-Medium.ttf"; path = "Fonts/Quicksand-Medium.ttf"; sourceTree = "<group>"; };
		EBB9870723072D120013EB90 /* en */ = {isa = PBXFileReference; lastKnownFileType = text.plist.strings; name = en; path = en.lproj/Localizable.strings; sourceTree = "<group>"; };
		EBC5EF3A23301BC900FB5ABA /* Font Awesome 5 Free-Regular-400.otf */ = {isa = PBXFileReference; lastKnownFileType = file; name = "Font Awesome 5 Free-Regular-400.otf"; path = "Fonts/Font Awesome 5 Free-Regular-400.otf"; sourceTree = "<group>"; };
		EBC5EF3B23301BC900FB5ABA /* Font Awesome 5 Brands-Regular-400.otf */ = {isa = PBXFileReference; lastKnownFileType = file; name = "Font Awesome 5 Brands-Regular-400.otf"; path = "Fonts/Font Awesome 5 Brands-Regular-400.otf"; sourceTree = "<group>"; };
		EBC5EF3C23301BC900FB5ABA /* Font Awesome 5 Free-Solid-900.otf */ = {isa = PBXFileReference; lastKnownFileType = file; name = "Font Awesome 5 Free-Solid-900.otf"; path = "Fonts/Font Awesome 5 Free-Solid-900.otf"; sourceTree = "<group>"; };
		EBCDBEA7246DDAB700C65F14 /* ThoughtsTableViewCellSwiftUI.swift */ = {isa = PBXFileReference; lastKnownFileType = sourcecode.swift; path = ThoughtsTableViewCellSwiftUI.swift; sourceTree = "<group>"; };
		EBCDBEAC246DE9D000C65F14 /* icons.json */ = {isa = PBXFileReference; fileEncoding = 4; lastKnownFileType = text.json; name = icons.json; path = Fonts/icons.json; sourceTree = "<group>"; };
/* End PBXFileReference section */

/* Begin PBXFrameworksBuildPhase section */
		EB91B65F2306ED6200780E24 /* Frameworks */ = {
			isa = PBXFrameworksBuildPhase;
			buildActionMask = 2147483647;
			files = (
				EB91B70B2307296E00780E24 /* AppCenter.framework in Frameworks */,
				EBC5EF2D232C1B1A00FB5ABA /* Swinject in Frameworks */,
				EB91B70C2307296E00780E24 /* AppCenterAnalytics.framework in Frameworks */,
				EB91B6A52307289500780E24 /* AppCenterDistribute.framework in Frameworks */,
				EB91B6A62307289500780E24 /* AppCenterCrashes.framework in Frameworks */,
				EBC5EF4223301E5C00FB5ABA /* M13Checkbox in Frameworks */,
				EBC5EF27232C1A0B00FB5ABA /* StompClientLib in Frameworks */,
				EBC5EF30232C1BAC00FB5ABA /* FontAwesome in Frameworks */,
				EBCDBEAB246DE74D00C65F14 /* FASwiftUI in Frameworks */,
			);
			runOnlyForDeploymentPostprocessing = 0;
		};
		EB91B6732306ED6300780E24 /* Frameworks */ = {
			isa = PBXFrameworksBuildPhase;
			buildActionMask = 2147483647;
			files = (
				EBC5EF36232C1DF300FB5ABA /* Nimble in Frameworks */,
				EBC5EF33232C1DBF00FB5ABA /* Quick in Frameworks */,
				EBC5EF39232C1E3400FB5ABA /* Hippolyte in Frameworks */,
			);
			runOnlyForDeploymentPostprocessing = 0;
		};
/* End PBXFrameworksBuildPhase section */

/* Begin PBXGroup section */
		EB91B6592306ED6200780E24 = {
			isa = PBXGroup;
			children = (
				EB91B6642306ED6200780E24 /* retroquest */,
				EB91B6792306ED6300780E24 /* retroquestTests */,
				EB91B6632306ED6200780E24 /* Products */,
				EB91B6852307255100780E24 /* Frameworks */,
			);
			sourceTree = "<group>";
		};
		EB91B6632306ED6200780E24 /* Products */ = {
			isa = PBXGroup;
			children = (
				EB91B6622306ED6200780E24 /* retroquest.app */,
				EB91B6762306ED6300780E24 /* retroquestTests.xctest */,
			);
			name = Products;
			sourceTree = "<group>";
		};
		EB91B6642306ED6200780E24 /* retroquest */ = {
			isa = PBXGroup;
			children = (
				EBB9870623072D120013EB90 /* Localizable.strings */,
				EB91B6A7230728C900780E24 /* Container */,
				EB91B6A22307286A00780E24 /* Fonts */,
				EB91B6DE230728E700780E24 /* Generated */,
				EB91B6AB230728E700780E24 /* Login */,
				EB91B6DB230728E700780E24 /* Navigation */,
				EB91B6AF230728E700780E24 /* Retro */,
				EB91B6D1230728E700780E24 /* Utility */,
				EB91B6652306ED6200780E24 /* AppDelegate.swift */,
				EB91B66C2306ED6300780E24 /* Assets.xcassets */,
				EB91B6712306ED6300780E24 /* Info.plist */,
			);
			path = retroquest;
			sourceTree = "<group>";
		};
		EB91B6792306ED6300780E24 /* retroquestTests */ = {
			isa = PBXGroup;
			children = (
				EB91B71123072AC300780E24 /* Container */,
				EB91B72D23072AC300780E24 /* Login */,
				EB91B70D23072AC300780E24 /* Navigation */,
				EB91B71323072AC300780E24 /* Retro */,
				EB91B72F23072AC300780E24 /* Utility */,
				EB91B67C2306ED6300780E24 /* Info.plist */,
			);
			path = retroquestTests;
			sourceTree = "<group>";
		};
		EB91B6852307255100780E24 /* Frameworks */ = {
			isa = PBXGroup;
			children = (
				EB91B7092307296E00780E24 /* AppCenter.framework */,
				EB91B70A2307296E00780E24 /* AppCenterAnalytics.framework */,
				EB91B6A42307289500780E24 /* AppCenterCrashes.framework */,
				EB91B6A32307289500780E24 /* AppCenterDistribute.framework */,
			);
			name = Frameworks;
			sourceTree = "<group>";
		};
		EB91B6A22307286A00780E24 /* Fonts */ = {
			isa = PBXGroup;
			children = (
				EBCDBEAC246DE9D000C65F14 /* icons.json */,
				EBC5EF3B23301BC900FB5ABA /* Font Awesome 5 Brands-Regular-400.otf */,
				EBC5EF3A23301BC900FB5ABA /* Font Awesome 5 Free-Regular-400.otf */,
				EBC5EF3C23301BC900FB5ABA /* Font Awesome 5 Free-Solid-900.otf */,
				EBB9870223072CF70013EB90 /* Quicksand-Bold.ttf */,
				EBB9870323072CF80013EB90 /* Quicksand-Medium.ttf */,
			);
			name = Fonts;
			sourceTree = "<group>";
		};
		EB91B6A7230728C900780E24 /* Container */ = {
			isa = PBXGroup;
			children = (
				EB91B6A8230728C900780E24 /* RetroContainer.swift */,
			);
			path = Container;
			sourceTree = "<group>";
		};
		EB91B6AB230728E700780E24 /* Login */ = {
			isa = PBXGroup;
			children = (
				EB91B6AC230728E700780E24 /* LoginError.swift */,
				EB91B6AD230728E700780E24 /* LoginView.swift */,
				EB91B6AE230728E700780E24 /* LoginViewController.swift */,
			);
			path = Login;
			sourceTree = "<group>";
		};
		EB91B6AF230728E700780E24 /* Retro */ = {
			isa = PBXGroup;
			children = (
				EB91B6B0230728E700780E24 /* RetroTabBarViewController.swift */,
				EB91B6B1230728E700780E24 /* Items */,
			);
			path = Retro;
			sourceTree = "<group>";
		};
		EB91B6B1230728E700780E24 /* Items */ = {
			isa = PBXGroup;
			children = (
				EB91B6B2230728E700780E24 /* ActionItems */,
				EB91B6B8230728E700780E24 /* EditItem */,
				EB91B6BB230728E700780E24 /* ItemsService.swift */,
				EB91B6BC230728E700780E24 /* Item.swift */,
				EB91B6BD230728E700780E24 /* NewItem */,
				EB91B6C1230728E700780E24 /* Feedback */,
				EB91B6C5230728E700780E24 /* ValidatingTextField.swift */,
				EB91B6C6230728E700780E24 /* Thoughts */,
				EB91B6CD230728E700780E24 /* Columns */,
			);
			path = Items;
			sourceTree = "<group>";
		};
		EB91B6B2230728E700780E24 /* ActionItems */ = {
			isa = PBXGroup;
			children = (
				EB91B6B3230728E700780E24 /* ActionItem.swift */,
				EB91B6B4230728E700780E24 /* ActionItemTableViewCell.swift */,
				EB91B6B5230728E700780E24 /* ActionItemsView.swift */,
				EB91B6B6230728E700780E24 /* ActionItemsViewController.swift */,
				EB91B6B7230728E700780E24 /* ActionItemsService.swift */,
			);
			path = ActionItems;
			sourceTree = "<group>";
		};
		EB91B6B8230728E700780E24 /* EditItem */ = {
			isa = PBXGroup;
			children = (
				EB91B6B9230728E700780E24 /* EditItemViewController.swift */,
				EB91B6BA230728E700780E24 /* EditTextView.swift */,
			);
			path = EditItem;
			sourceTree = "<group>";
		};
		EB91B6BD230728E700780E24 /* NewItem */ = {
			isa = PBXGroup;
			children = (
				EB91B6BE230728E700780E24 /* NewItemCell.swift */,
				EB91B6BF230728E700780E24 /* NewItemViewController.swift */,
				EB91B6C0230728E700780E24 /* NewItemView.swift */,
			);
			path = NewItem;
			sourceTree = "<group>";
		};
		EB91B6C1230728E700780E24 /* Feedback */ = {
			isa = PBXGroup;
			children = (
				EB91B6C2230728E700780E24 /* FeedbackViewController.swift */,
				EB91B6C3230728E700780E24 /* FeedbackFormView.swift */,
				EB91B6C4230728E700780E24 /* Feedback.swift */,
			);
			path = Feedback;
			sourceTree = "<group>";
		};
		EB91B6C6230728E700780E24 /* Thoughts */ = {
			isa = PBXGroup;
			children = (
				EB91B6C7230728E700780E24 /* Thought.swift */,
				EB91B6C8230728E700780E24 /* ThoughtTableViewCell.swift */,
				EB91B6C9230728E700780E24 /* ThoughtsService.swift */,
				EB91B6CA230728E700780E24 /* ThoughtTableViewHeaderView.swift */,
				EB91B6CB230728E700780E24 /* ThoughtsViewController.swift */,
				EB91B6CC230728E700780E24 /* ThoughtsView.swift */,
				EBCDBEA7246DDAB700C65F14 /* ThoughtsTableViewCellSwiftUI.swift */,
			);
			path = Thoughts;
			sourceTree = "<group>";
		};
		EB91B6CD230728E700780E24 /* Columns */ = {
			isa = PBXGroup;
			children = (
				EB91B6CE230728E700780E24 /* ColumnName.swift */,
				EB91B6CF230728E700780E24 /* ColumnNameService.swift */,
				EB91B6D0230728E700780E24 /* Column.swift */,
			);
			path = Columns;
			sourceTree = "<group>";
		};
		EB91B6D1230728E700780E24 /* Utility */ = {
			isa = PBXGroup;
			children = (
				EB91B6D2230728E700780E24 /* RetroCookies.swift */,
				EB91B6D3230728E700780E24 /* RetroExtensions.swift */,
				EB91B6D4230728E700780E24 /* ViewUtils.swift */,
				EB91B6D5230728E700780E24 /* PubSub.swift */,
				EB91B6D6230728E700780E24 /* URLManager.swift */,
				EB91B6D7230728E700780E24 /* OutgoingType.swift */,
				EB91B6D8230728E700780E24 /* RetroColors.swift */,
				EB91B6D9230728E700780E24 /* WebSocketService.swift */,
				EB91B6DA230728E700780E24 /* NotificationCenterWrapper.swift */,
			);
			path = Utility;
			sourceTree = "<group>";
		};
		EB91B6DB230728E700780E24 /* Navigation */ = {
			isa = PBXGroup;
			children = (
				EB91B6DC230728E700780E24 /* RetroNavState.swift */,
				EB91B6DD230728E700780E24 /* FlowController.swift */,
			);
			path = Navigation;
			sourceTree = "<group>";
		};
		EB91B6DE230728E700780E24 /* Generated */ = {
			isa = PBXGroup;
			children = (
				EB08EF0223195A05005EAD07 /* AppCenterSecret.generated.swift */,
				EBB986FE23072CA90013EB90 /* RetroquestServerURL.generated.swift */,
			);
			path = Generated;
			sourceTree = "<group>";
		};
		EB91B70D23072AC300780E24 /* Navigation */ = {
			isa = PBXGroup;
			children = (
				EB91B70E23072AC300780E24 /* FakeFlowController.swift */,
				EB91B70F23072AC300780E24 /* FlowControllerSpec.swift */,
				EB91B71023072AC300780E24 /* FakeNavigationController.swift */,
			);
			path = Navigation;
			sourceTree = "<group>";
		};
		EB91B71123072AC300780E24 /* Container */ = {
			isa = PBXGroup;
			children = (
				EB91B71223072AC300780E24 /* TestRetroContainer.swift */,
			);
			path = Container;
			sourceTree = "<group>";
		};
		EB91B71323072AC300780E24 /* Retro */ = {
			isa = PBXGroup;
			children = (
				EB91B71423072AC300780E24 /* RetroTabBarViewControllerSpec.swift */,
				EB91B71523072AC300780E24 /* Items */,
			);
			path = Retro;
			sourceTree = "<group>";
		};
		EB91B71523072AC300780E24 /* Items */ = {
			isa = PBXGroup;
			children = (
				EB91B71623072AC300780E24 /* ActionItems */,
				EB91B71C23072AC300780E24 /* EditItem */,
				EB91B71E23072AC300780E24 /* NewItem */,
				EB91B72023072AC300780E24 /* ItemsServiceSpec.swift */,
				EB91B72123072AC300780E24 /* FakeItemsService.swift */,
				EB91B72223072AC300780E24 /* Feedback */,
				EB91B72423072AC300780E24 /* Thoughts */,
				EB91B72A23072AC300780E24 /* Columns */,
			);
			path = Items;
			sourceTree = "<group>";
		};
		EB91B71623072AC300780E24 /* ActionItems */ = {
			isa = PBXGroup;
			children = (
				EB91B71723072AC300780E24 /* FakeActionItemsService.swift */,
				EB91B71823072AC300780E24 /* ActionItemsViewControllerSpec.swift */,
				EB91B71923072AC300780E24 /* FakeActionItemsViewController.swift */,
				EB91B71A23072AC300780E24 /* ActionItemsServiceSpec.swift */,
				EB91B71B23072AC300780E24 /* ActionItemTableViewCellSpec.swift */,
			);
			path = ActionItems;
			sourceTree = "<group>";
		};
		EB91B71C23072AC300780E24 /* EditItem */ = {
			isa = PBXGroup;
			children = (
				EB91B71D23072AC300780E24 /* EditItemViewControllerSpec.swift */,
			);
			path = EditItem;
			sourceTree = "<group>";
		};
		EB91B71E23072AC300780E24 /* NewItem */ = {
			isa = PBXGroup;
			children = (
				EB91B71F23072AC300780E24 /* NewItemViewControllerSpec.swift */,
			);
			path = NewItem;
			sourceTree = "<group>";
		};
		EB91B72223072AC300780E24 /* Feedback */ = {
			isa = PBXGroup;
			children = (
				EB91B72323072AC300780E24 /* FeedbackViewControllerSpec.swift */,
			);
			path = Feedback;
			sourceTree = "<group>";
		};
		EB91B72423072AC300780E24 /* Thoughts */ = {
			isa = PBXGroup;
			children = (
				EB91B72523072AC300780E24 /* FakeThoughtsViewController.swift */,
				EB91B72623072AC300780E24 /* ThoughtTableViewCellSpec.swift */,
				EB91B72723072AC300780E24 /* ThoughtsViewControllerSpec.swift */,
				EB91B72823072AC300780E24 /* FakeThoughtsService.swift */,
				EB91B72923072AC300780E24 /* ThoughtsServiceSpec.swift */,
			);
			path = Thoughts;
			sourceTree = "<group>";
		};
		EB91B72A23072AC300780E24 /* Columns */ = {
			isa = PBXGroup;
			children = (
				EB91B72B23072AC300780E24 /* ColumnNamesServiceSpec.swift */,
				EB91B72C23072AC300780E24 /* FakeColumnNameService.swift */,
			);
			path = Columns;
			sourceTree = "<group>";
		};
		EB91B72D23072AC300780E24 /* Login */ = {
			isa = PBXGroup;
			children = (
				EB91B72E23072AC300780E24 /* LoginViewControllerSpec.swift */,
			);
			path = Login;
			sourceTree = "<group>";
		};
		EB91B72F23072AC300780E24 /* Utility */ = {
			isa = PBXGroup;
			children = (
				EB91B73023072AC300780E24 /* URLManagerSpec.swift */,
				EB91B73123072AC300780E24 /* RetroCookiesSpec.swift */,
				EB91B73223072AC300780E24 /* WebSockets */,
				EB91B73623072AC300780E24 /* ViewUtilsSpec.swift */,
				EB91B73723072AC300780E24 /* FakeNotificationCenterWrapper.swift */,
				EB91B73823072AC300780E24 /* TestHelpers.swift */,
			);
			path = Utility;
			sourceTree = "<group>";
		};
		EB91B73223072AC300780E24 /* WebSockets */ = {
			isa = PBXGroup;
			children = (
				EB91B73323072AC300780E24 /* WebSocketServiceSpec.swift */,
				EB91B73423072AC300780E24 /* FakeWebSocketService.swift */,
				EB91B73523072AC300780E24 /* FakeStompClientLib.swift */,
			);
			path = WebSockets;
			sourceTree = "<group>";
		};
/* End PBXGroup section */

/* Begin PBXNativeTarget section */
		EB91B6612306ED6200780E24 /* retroquest */ = {
			isa = PBXNativeTarget;
			buildConfigurationList = EB91B67F2306ED6300780E24 /* Build configuration list for PBXNativeTarget "retroquest" */;
			buildPhases = (
				EB91B6922307266100780E24 /* Sourcery */,
				EB91B65E2306ED6200780E24 /* Sources */,
				EB91B65F2306ED6200780E24 /* Frameworks */,
				EB91B6602306ED6200780E24 /* Resources */,
				EB91B6912307262100780E24 /* SwiftLint */,
			);
			buildRules = (
			);
			dependencies = (
			);
			name = retroquest;
			packageProductDependencies = (
				EBC5EF26232C1A0B00FB5ABA /* StompClientLib */,
				EBC5EF2C232C1B1A00FB5ABA /* Swinject */,
				EBC5EF2F232C1BAC00FB5ABA /* FontAwesome */,
				EBC5EF4123301E5C00FB5ABA /* M13Checkbox */,
				EBCDBEAA246DE74D00C65F14 /* FASwiftUI */,
			);
			productName = retroquest;
			productReference = EB91B6622306ED6200780E24 /* retroquest.app */;
			productType = "com.apple.product-type.application";
		};
		EB91B6752306ED6300780E24 /* retroquestTests */ = {
			isa = PBXNativeTarget;
			buildConfigurationList = EB91B6822306ED6300780E24 /* Build configuration list for PBXNativeTarget "retroquestTests" */;
			buildPhases = (
				EB91B6722306ED6300780E24 /* Sources */,
				EB91B6732306ED6300780E24 /* Frameworks */,
				EB91B6742306ED6300780E24 /* Resources */,
			);
			buildRules = (
			);
			dependencies = (
				EB91B6782306ED6300780E24 /* PBXTargetDependency */,
			);
			name = retroquestTests;
			packageProductDependencies = (
				EBC5EF32232C1DBF00FB5ABA /* Quick */,
				EBC5EF35232C1DF300FB5ABA /* Nimble */,
				EBC5EF38232C1E3400FB5ABA /* Hippolyte */,
			);
			productName = retroquestTests;
			productReference = EB91B6762306ED6300780E24 /* retroquestTests.xctest */;
			productType = "com.apple.product-type.bundle.unit-test";
		};
/* End PBXNativeTarget section */

/* Begin PBXProject section */
		EB91B65A2306ED6200780E24 /* Project object */ = {
			isa = PBXProject;
			attributes = {
				LastSwiftUpdateCheck = 1020;
				LastUpgradeCheck = 1020;
				ORGANIZATIONNAME = Ford;
				TargetAttributes = {
					EB91B6612306ED6200780E24 = {
						CreatedOnToolsVersion = 10.2.1;
					};
					EB91B6752306ED6300780E24 = {
						CreatedOnToolsVersion = 10.2.1;
						TestTargetID = EB91B6612306ED6200780E24;
					};
				};
			};
			buildConfigurationList = EB91B65D2306ED6200780E24 /* Build configuration list for PBXProject "retroquest" */;
			compatibilityVersion = "Xcode 9.3";
			developmentRegion = en;
			hasScannedForEncodings = 0;
			knownRegions = (
				en,
				Base,
			);
			mainGroup = EB91B6592306ED6200780E24;
			packageReferences = (
				EBC5EF25232C1A0B00FB5ABA /* XCRemoteSwiftPackageReference "StompClientLib" */,
				EBC5EF2B232C1B1A00FB5ABA /* XCRemoteSwiftPackageReference "Swinject" */,
				EBC5EF2E232C1BAC00FB5ABA /* XCRemoteSwiftPackageReference "FontAwesome.swift" */,
				EBC5EF31232C1DBF00FB5ABA /* XCRemoteSwiftPackageReference "Quick" */,
				EBC5EF34232C1DF300FB5ABA /* XCRemoteSwiftPackageReference "Nimble" */,
				EBC5EF37232C1E3400FB5ABA /* XCRemoteSwiftPackageReference "Hippolyte" */,
				EBC5EF4023301E5C00FB5ABA /* XCRemoteSwiftPackageReference "M13Checkbox" */,
				EBCDBEA9246DE74D00C65F14 /* XCRemoteSwiftPackageReference "FASwiftUI" */,
			);
			productRefGroup = EB91B6632306ED6200780E24 /* Products */;
			projectDirPath = "";
			projectRoot = "";
			targets = (
				EB91B6612306ED6200780E24 /* retroquest */,
				EB91B6752306ED6300780E24 /* retroquestTests */,
			);
		};
/* End PBXProject section */

/* Begin PBXResourcesBuildPhase section */
		EB91B6602306ED6200780E24 /* Resources */ = {
			isa = PBXResourcesBuildPhase;
			buildActionMask = 2147483647;
			files = (
				EBB9870523072CF80013EB90 /* Quicksand-Medium.ttf in Resources */,
				EBC5EF3E23301BC900FB5ABA /* Font Awesome 5 Brands-Regular-400.otf in Resources */,
				EBB9870823072D120013EB90 /* Localizable.strings in Resources */,
				EBB9870423072CF80013EB90 /* Quicksand-Bold.ttf in Resources */,
				EB91B66D2306ED6300780E24 /* Assets.xcassets in Resources */,
				EBC5EF3D23301BC900FB5ABA /* Font Awesome 5 Free-Regular-400.otf in Resources */,
				EBCDBEAD246DE9D000C65F14 /* icons.json in Resources */,
				EBC5EF3F23301BC900FB5ABA /* Font Awesome 5 Free-Solid-900.otf in Resources */,
			);
			runOnlyForDeploymentPostprocessing = 0;
		};
		EB91B6742306ED6300780E24 /* Resources */ = {
			isa = PBXResourcesBuildPhase;
			buildActionMask = 2147483647;
			files = (
			);
			runOnlyForDeploymentPostprocessing = 0;
		};
/* End PBXResourcesBuildPhase section */

/* Begin PBXShellScriptBuildPhase section */
		EB91B6912307262100780E24 /* SwiftLint */ = {
			isa = PBXShellScriptBuildPhase;
			buildActionMask = 2147483647;
			files = (
			);
			inputFileListPaths = (
			);
			inputPaths = (
			);
			name = SwiftLint;
			outputFileListPaths = (
			);
			outputPaths = (
			);
			runOnlyForDeploymentPostprocessing = 0;
			shellPath = /bin/bash;
			shellScript = "# Type a script or drag a script file from your workspace to insert its path.\nif which swiftlint >/dev/null; then\nswiftlint lint --config .swiftlint.yml\nswiftlint lint --config .swiftlint.specs.yml\nelse\necho \"warning: SwiftLint not installed, download from https://github.com/realm/SwiftLint\"\nfi\n";
		};
		EB91B6922307266100780E24 /* Sourcery */ = {
			isa = PBXShellScriptBuildPhase;
			buildActionMask = 2147483647;
			files = (
			);
			inputFileListPaths = (
			);
			inputPaths = (
			);
			name = Sourcery;
			outputFileListPaths = (
			);
			outputPaths = (
				"$(SRCROOT)/retroquest/Generated/RetroquestServerURL.generated.swift",
				"$(SRCROOT)/retroquest/Generated/AppCenterSecret.generated.swift",
			);
			runOnlyForDeploymentPostprocessing = 0;
			shellPath = /bin/bash;
			shellScript = "#check if env-vars.sh exists\nif [ -f ./env-vars.sh ]\nthen\nsource ./env-vars.sh\nfi\n#no `else` case needed if the CI works as expected\nsourcery --templates templates/RetroquestServerURL.stencil --templates templates/AppCenterSecret.stencil --sources ./retroquest --output ./retroquest/Generated --args retroquest-server-url=\\\"$RETROQUEST_SERVER_URL\\\",app-center-secret=\\\"$APP_CENTER_SECRET\\\"\n";
		};
/* End PBXShellScriptBuildPhase section */

/* Begin PBXSourcesBuildPhase section */
		EB91B65E2306ED6200780E24 /* Sources */ = {
			isa = PBXSourcesBuildPhase;
			buildActionMask = 2147483647;
			files = (
				EB91B6EF230728E700780E24 /* NewItemView.swift in Sources */,
				EB91B6FA230728E700780E24 /* ColumnName.swift in Sources */,
				EB91B6F1230728E700780E24 /* FeedbackFormView.swift in Sources */,
				EB91B6E5230728E700780E24 /* ActionItemTableViewCell.swift in Sources */,
				EB91B6FB230728E700780E24 /* ColumnNameService.swift in Sources */,
				EB91B6E7230728E700780E24 /* ActionItemsViewController.swift in Sources */,
				EB91B6FD230728E700780E24 /* RetroCookies.swift in Sources */,
				EB91B6F0230728E700780E24 /* FeedbackViewController.swift in Sources */,
				EB91B6F2230728E700780E24 /* Feedback.swift in Sources */,
				EB91B702230728E700780E24 /* OutgoingType.swift in Sources */,
				EB91B6E8230728E700780E24 /* ActionItemsService.swift in Sources */,
				EB91B6EA230728E700780E24 /* EditTextView.swift in Sources */,
				EB91B6F3230728E700780E24 /* ValidatingTextField.swift in Sources */,
				EB91B6EB230728E700780E24 /* ItemsService.swift in Sources */,
				EB91B6ED230728E700780E24 /* NewItemCell.swift in Sources */,
				EB91B6F6230728E700780E24 /* ThoughtsService.swift in Sources */,
				EB91B6F5230728E700780E24 /* ThoughtTableViewCell.swift in Sources */,
				EB91B6FF230728E700780E24 /* ViewUtils.swift in Sources */,
				EB91B6AA230728CA00780E24 /* RetroContainer.swift in Sources */,
				EB91B705230728E700780E24 /* NotificationCenterWrapper.swift in Sources */,
				EB91B6F8230728E700780E24 /* ThoughtsViewController.swift in Sources */,
				EB91B6F7230728E700780E24 /* ThoughtTableViewHeaderView.swift in Sources */,
				EB91B6F4230728E700780E24 /* Thought.swift in Sources */,
				EBCDBEA8246DDAB700C65F14 /* ThoughtsTableViewCellSwiftUI.swift in Sources */,
				EB91B704230728E700780E24 /* WebSocketService.swift in Sources */,
				EB91B706230728E700780E24 /* RetroNavState.swift in Sources */,
				EB91B6E6230728E700780E24 /* ActionItemsView.swift in Sources */,
				EB91B6E4230728E700780E24 /* ActionItem.swift in Sources */,
				EB08EF0323195A05005EAD07 /* AppCenterSecret.generated.swift in Sources */,
				EB91B6662306ED6200780E24 /* AppDelegate.swift in Sources */,
				EB91B700230728E700780E24 /* PubSub.swift in Sources */,
				EB91B6FC230728E700780E24 /* Column.swift in Sources */,
				EBB986FF23072CA90013EB90 /* RetroquestServerURL.generated.swift in Sources */,
				EB91B6E9230728E700780E24 /* EditItemViewController.swift in Sources */,
				EB91B6EC230728E700780E24 /* Item.swift in Sources */,
				EB91B6F9230728E700780E24 /* ThoughtsView.swift in Sources */,
				EB91B701230728E700780E24 /* URLManager.swift in Sources */,
				EB91B6E1230728E700780E24 /* LoginView.swift in Sources */,
				EB91B707230728E700780E24 /* FlowController.swift in Sources */,
				EB91B703230728E700780E24 /* RetroColors.swift in Sources */,
				EB91B6EE230728E700780E24 /* NewItemViewController.swift in Sources */,
				EB91B6E2230728E700780E24 /* LoginViewController.swift in Sources */,
				EB91B6E0230728E700780E24 /* LoginError.swift in Sources */,
				EB91B6FE230728E700780E24 /* RetroExtensions.swift in Sources */,
				EB91B6E3230728E700780E24 /* RetroTabBarViewController.swift in Sources */,
			);
			runOnlyForDeploymentPostprocessing = 0;
		};
		EB91B6722306ED6300780E24 /* Sources */ = {
			isa = PBXSourcesBuildPhase;
			buildActionMask = 2147483647;
			files = (
				EB91B74A23072AC300780E24 /* ThoughtsViewControllerSpec.swift in Sources */,
				EB91B74D23072AC300780E24 /* ColumnNamesServiceSpec.swift in Sources */,
				EB91B74923072AC300780E24 /* ThoughtTableViewCellSpec.swift in Sources */,
				EB91B74523072AC300780E24 /* ItemsServiceSpec.swift in Sources */,
				EB91B74623072AC300780E24 /* FakeItemsService.swift in Sources */,
				EB91B75323072AC300780E24 /* FakeWebSocketService.swift in Sources */,
				EB91B75623072AC300780E24 /* FakeNotificationCenterWrapper.swift in Sources */,
				EB91B74E23072AC300780E24 /* FakeColumnNameService.swift in Sources */,
				EB91B75423072AC300780E24 /* FakeStompClientLib.swift in Sources */,
				EB91B75723072AC300780E24 /* TestHelpers.swift in Sources */,
				EB91B73A23072AC300780E24 /* FlowControllerSpec.swift in Sources */,
				EB91B74423072AC300780E24 /* NewItemViewControllerSpec.swift in Sources */,
				EB91B74223072AC300780E24 /* ActionItemTableViewCellSpec.swift in Sources */,
				EB91B74723072AC300780E24 /* FeedbackViewControllerSpec.swift in Sources */,
				EB91B74123072AC300780E24 /* ActionItemsServiceSpec.swift in Sources */,
				EB91B73E23072AC300780E24 /* FakeActionItemsService.swift in Sources */,
				EB91B75223072AC300780E24 /* WebSocketServiceSpec.swift in Sources */,
				EB91B73923072AC300780E24 /* FakeFlowController.swift in Sources */,
				EB91B75523072AC300780E24 /* ViewUtilsSpec.swift in Sources */,
				EB91B75123072AC300780E24 /* RetroCookiesSpec.swift in Sources */,
				EB91B73F23072AC300780E24 /* ActionItemsViewControllerSpec.swift in Sources */,
				EB91B74023072AC300780E24 /* FakeActionItemsViewController.swift in Sources */,
				EB91B73C23072AC300780E24 /* TestRetroContainer.swift in Sources */,
				EB91B75023072AC300780E24 /* URLManagerSpec.swift in Sources */,
				EB91B74C23072AC300780E24 /* ThoughtsServiceSpec.swift in Sources */,
				EB91B74F23072AC300780E24 /* LoginViewControllerSpec.swift in Sources */,
				EB91B73B23072AC300780E24 /* FakeNavigationController.swift in Sources */,
				EB91B73D23072AC300780E24 /* RetroTabBarViewControllerSpec.swift in Sources */,
				EB91B74B23072AC300780E24 /* FakeThoughtsService.swift in Sources */,
				EB91B74823072AC300780E24 /* FakeThoughtsViewController.swift in Sources */,
				EB91B74323072AC300780E24 /* EditItemViewControllerSpec.swift in Sources */,
			);
			runOnlyForDeploymentPostprocessing = 0;
		};
/* End PBXSourcesBuildPhase section */

/* Begin PBXTargetDependency section */
		EB91B6782306ED6300780E24 /* PBXTargetDependency */ = {
			isa = PBXTargetDependency;
			target = EB91B6612306ED6200780E24 /* retroquest */;
			targetProxy = EB91B6772306ED6300780E24 /* PBXContainerItemProxy */;
		};
/* End PBXTargetDependency section */

/* Begin PBXVariantGroup section */
		EBB9870623072D120013EB90 /* Localizable.strings */ = {
			isa = PBXVariantGroup;
			children = (
				EBB9870723072D120013EB90 /* en */,
			);
			name = Localizable.strings;
			sourceTree = "<group>";
		};
/* End PBXVariantGroup section */

/* Begin XCBuildConfiguration section */
		EB91B67D2306ED6300780E24 /* Debug */ = {
			isa = XCBuildConfiguration;
			buildSettings = {
				ALWAYS_SEARCH_USER_PATHS = NO;
				CLANG_ANALYZER_NONNULL = YES;
				CLANG_ANALYZER_NUMBER_OBJECT_CONVERSION = YES_AGGRESSIVE;
				CLANG_CXX_LANGUAGE_STANDARD = "gnu++14";
				CLANG_CXX_LIBRARY = "libc++";
				CLANG_ENABLE_MODULES = YES;
				CLANG_ENABLE_OBJC_ARC = YES;
				CLANG_ENABLE_OBJC_WEAK = YES;
				CLANG_WARN_BLOCK_CAPTURE_AUTORELEASING = YES;
				CLANG_WARN_BOOL_CONVERSION = YES;
				CLANG_WARN_COMMA = YES;
				CLANG_WARN_CONSTANT_CONVERSION = YES;
				CLANG_WARN_DEPRECATED_OBJC_IMPLEMENTATIONS = YES;
				CLANG_WARN_DIRECT_OBJC_ISA_USAGE = YES_ERROR;
				CLANG_WARN_DOCUMENTATION_COMMENTS = YES;
				CLANG_WARN_EMPTY_BODY = YES;
				CLANG_WARN_ENUM_CONVERSION = YES;
				CLANG_WARN_INFINITE_RECURSION = YES;
				CLANG_WARN_INT_CONVERSION = YES;
				CLANG_WARN_NON_LITERAL_NULL_CONVERSION = YES;
				CLANG_WARN_OBJC_IMPLICIT_RETAIN_SELF = YES;
				CLANG_WARN_OBJC_LITERAL_CONVERSION = YES;
				CLANG_WARN_OBJC_ROOT_CLASS = YES_ERROR;
				CLANG_WARN_RANGE_LOOP_ANALYSIS = YES;
				CLANG_WARN_STRICT_PROTOTYPES = YES;
				CLANG_WARN_SUSPICIOUS_MOVE = YES;
				CLANG_WARN_UNGUARDED_AVAILABILITY = YES_AGGRESSIVE;
				CLANG_WARN_UNREACHABLE_CODE = YES;
				CLANG_WARN__DUPLICATE_METHOD_MATCH = YES;
				CODE_SIGN_IDENTITY = "iPhone Developer";
				COPY_PHASE_STRIP = NO;
				DEBUG_INFORMATION_FORMAT = dwarf;
				ENABLE_STRICT_OBJC_MSGSEND = YES;
				ENABLE_TESTABILITY = YES;
				GCC_C_LANGUAGE_STANDARD = gnu11;
				GCC_DYNAMIC_NO_PIC = NO;
				GCC_NO_COMMON_BLOCKS = YES;
				GCC_OPTIMIZATION_LEVEL = 0;
				GCC_PREPROCESSOR_DEFINITIONS = (
					"DEBUG=1",
					"$(inherited)",
				);
				GCC_WARN_64_TO_32_BIT_CONVERSION = YES;
				GCC_WARN_ABOUT_RETURN_TYPE = YES_ERROR;
				GCC_WARN_UNDECLARED_SELECTOR = YES;
				GCC_WARN_UNINITIALIZED_AUTOS = YES_AGGRESSIVE;
				GCC_WARN_UNUSED_FUNCTION = YES;
				GCC_WARN_UNUSED_VARIABLE = YES;
				IPHONEOS_DEPLOYMENT_TARGET = 13.0;
				MTL_ENABLE_DEBUG_INFO = INCLUDE_SOURCE;
				MTL_FAST_MATH = YES;
				ONLY_ACTIVE_ARCH = YES;
				SDKROOT = iphoneos;
				SWIFT_ACTIVE_COMPILATION_CONDITIONS = DEBUG;
				SWIFT_OPTIMIZATION_LEVEL = "-Onone";
			};
			name = Debug;
		};
		EB91B67E2306ED6300780E24 /* Release */ = {
			isa = XCBuildConfiguration;
			buildSettings = {
				ALWAYS_SEARCH_USER_PATHS = NO;
				CLANG_ANALYZER_NONNULL = YES;
				CLANG_ANALYZER_NUMBER_OBJECT_CONVERSION = YES_AGGRESSIVE;
				CLANG_CXX_LANGUAGE_STANDARD = "gnu++14";
				CLANG_CXX_LIBRARY = "libc++";
				CLANG_ENABLE_MODULES = YES;
				CLANG_ENABLE_OBJC_ARC = YES;
				CLANG_ENABLE_OBJC_WEAK = YES;
				CLANG_WARN_BLOCK_CAPTURE_AUTORELEASING = YES;
				CLANG_WARN_BOOL_CONVERSION = YES;
				CLANG_WARN_COMMA = YES;
				CLANG_WARN_CONSTANT_CONVERSION = YES;
				CLANG_WARN_DEPRECATED_OBJC_IMPLEMENTATIONS = YES;
				CLANG_WARN_DIRECT_OBJC_ISA_USAGE = YES_ERROR;
				CLANG_WARN_DOCUMENTATION_COMMENTS = YES;
				CLANG_WARN_EMPTY_BODY = YES;
				CLANG_WARN_ENUM_CONVERSION = YES;
				CLANG_WARN_INFINITE_RECURSION = YES;
				CLANG_WARN_INT_CONVERSION = YES;
				CLANG_WARN_NON_LITERAL_NULL_CONVERSION = YES;
				CLANG_WARN_OBJC_IMPLICIT_RETAIN_SELF = YES;
				CLANG_WARN_OBJC_LITERAL_CONVERSION = YES;
				CLANG_WARN_OBJC_ROOT_CLASS = YES_ERROR;
				CLANG_WARN_RANGE_LOOP_ANALYSIS = YES;
				CLANG_WARN_STRICT_PROTOTYPES = YES;
				CLANG_WARN_SUSPICIOUS_MOVE = YES;
				CLANG_WARN_UNGUARDED_AVAILABILITY = YES_AGGRESSIVE;
				CLANG_WARN_UNREACHABLE_CODE = YES;
				CLANG_WARN__DUPLICATE_METHOD_MATCH = YES;
				CODE_SIGN_IDENTITY = "iPhone Developer";
				COPY_PHASE_STRIP = NO;
				DEBUG_INFORMATION_FORMAT = "dwarf-with-dsym";
				ENABLE_NS_ASSERTIONS = NO;
				ENABLE_STRICT_OBJC_MSGSEND = YES;
				GCC_C_LANGUAGE_STANDARD = gnu11;
				GCC_NO_COMMON_BLOCKS = YES;
				GCC_WARN_64_TO_32_BIT_CONVERSION = YES;
				GCC_WARN_ABOUT_RETURN_TYPE = YES_ERROR;
				GCC_WARN_UNDECLARED_SELECTOR = YES;
				GCC_WARN_UNINITIALIZED_AUTOS = YES_AGGRESSIVE;
				GCC_WARN_UNUSED_FUNCTION = YES;
				GCC_WARN_UNUSED_VARIABLE = YES;
				IPHONEOS_DEPLOYMENT_TARGET = 13.0;
				MTL_ENABLE_DEBUG_INFO = NO;
				MTL_FAST_MATH = YES;
				SDKROOT = iphoneos;
				SWIFT_COMPILATION_MODE = wholemodule;
				SWIFT_OPTIMIZATION_LEVEL = "-O";
				VALIDATE_PRODUCT = YES;
			};
			name = Release;
		};
		EB91B6802306ED6300780E24 /* Debug */ = {
			isa = XCBuildConfiguration;
			buildSettings = {
				ASSETCATALOG_COMPILER_APPICON_NAME = AppIcon;
				CODE_SIGN_STYLE = Automatic;
				FRAMEWORK_SEARCH_PATHS = (
					"$(inherited)",
					"$(PROJECT_DIR)/Vendor",
				);
				INFOPLIST_FILE = retroquest/Info.plist;
				LD_RUNPATH_SEARCH_PATHS = (
					"$(inherited)",
					"@executable_path/Frameworks",
				);
				PRODUCT_BUNDLE_IDENTIFIER = com.ford.fordlabs.retroquest;
				PRODUCT_NAME = "$(TARGET_NAME)";
				SWIFT_VERSION = 5.0;
				TARGETED_DEVICE_FAMILY = "1,2";
			};
			name = Debug;
		};
		EB91B6812306ED6300780E24 /* Release */ = {
			isa = XCBuildConfiguration;
			buildSettings = {
				ASSETCATALOG_COMPILER_APPICON_NAME = AppIcon;
				CODE_SIGN_STYLE = Automatic;
				FRAMEWORK_SEARCH_PATHS = (
					"$(inherited)",
					"$(PROJECT_DIR)/Vendor",
				);
				INFOPLIST_FILE = retroquest/Info.plist;
				LD_RUNPATH_SEARCH_PATHS = (
					"$(inherited)",
					"@executable_path/Frameworks",
				);
				PRODUCT_BUNDLE_IDENTIFIER = com.ford.fordlabs.retroquest;
				PRODUCT_NAME = "$(TARGET_NAME)";
				SWIFT_VERSION = 5.0;
				TARGETED_DEVICE_FAMILY = "1,2";
			};
			name = Release;
		};
		EB91B6832306ED6300780E24 /* Debug */ = {
			isa = XCBuildConfiguration;
			buildSettings = {
				ALWAYS_EMBED_SWIFT_STANDARD_LIBRARIES = YES;
				BUNDLE_LOADER = "$(TEST_HOST)";
				CODE_SIGN_STYLE = Automatic;
				FRAMEWORK_SEARCH_PATHS = "$(inherited)";
				INFOPLIST_FILE = retroquestTests/Info.plist;
				LD_RUNPATH_SEARCH_PATHS = (
					"$(inherited)",
					"@executable_path/Frameworks",
					"@loader_path/Frameworks",
				);
				PRODUCT_BUNDLE_IDENTIFIER = com.ford.fordlabs.retroquestTests;
				PRODUCT_NAME = "$(TARGET_NAME)";
				SWIFT_VERSION = 5.0;
				TARGETED_DEVICE_FAMILY = "1,2";
				TEST_HOST = "$(BUILT_PRODUCTS_DIR)/retroquest.app/retroquest";
			};
			name = Debug;
		};
		EB91B6842306ED6300780E24 /* Release */ = {
			isa = XCBuildConfiguration;
			buildSettings = {
				ALWAYS_EMBED_SWIFT_STANDARD_LIBRARIES = YES;
				BUNDLE_LOADER = "$(TEST_HOST)";
				CODE_SIGN_STYLE = Automatic;
				FRAMEWORK_SEARCH_PATHS = "$(inherited)";
				INFOPLIST_FILE = retroquestTests/Info.plist;
				LD_RUNPATH_SEARCH_PATHS = (
					"$(inherited)",
					"@executable_path/Frameworks",
					"@loader_path/Frameworks",
				);
				PRODUCT_BUNDLE_IDENTIFIER = com.ford.fordlabs.retroquestTests;
				PRODUCT_NAME = "$(TARGET_NAME)";
				SWIFT_VERSION = 5.0;
				TARGETED_DEVICE_FAMILY = "1,2";
				TEST_HOST = "$(BUILT_PRODUCTS_DIR)/retroquest.app/retroquest";
			};
			name = Release;
		};
/* End XCBuildConfiguration section */

/* Begin XCConfigurationList section */
		EB91B65D2306ED6200780E24 /* Build configuration list for PBXProject "retroquest" */ = {
			isa = XCConfigurationList;
			buildConfigurations = (
				EB91B67D2306ED6300780E24 /* Debug */,
				EB91B67E2306ED6300780E24 /* Release */,
			);
			defaultConfigurationIsVisible = 0;
			defaultConfigurationName = Release;
		};
		EB91B67F2306ED6300780E24 /* Build configuration list for PBXNativeTarget "retroquest" */ = {
			isa = XCConfigurationList;
			buildConfigurations = (
				EB91B6802306ED6300780E24 /* Debug */,
				EB91B6812306ED6300780E24 /* Release */,
			);
			defaultConfigurationIsVisible = 0;
			defaultConfigurationName = Release;
		};
		EB91B6822306ED6300780E24 /* Build configuration list for PBXNativeTarget "retroquestTests" */ = {
			isa = XCConfigurationList;
			buildConfigurations = (
				EB91B6832306ED6300780E24 /* Debug */,
				EB91B6842306ED6300780E24 /* Release */,
			);
			defaultConfigurationIsVisible = 0;
			defaultConfigurationName = Release;
		};
/* End XCConfigurationList section */

/* Begin XCRemoteSwiftPackageReference section */
		EBC5EF25232C1A0B00FB5ABA /* XCRemoteSwiftPackageReference "StompClientLib" */ = {
			isa = XCRemoteSwiftPackageReference;
			repositoryURL = "https://github.com/thedavidharris/StompClientLib.git";
			requirement = {
				branch = master;
				kind = branch;
			};
		};
		EBC5EF2B232C1B1A00FB5ABA /* XCRemoteSwiftPackageReference "Swinject" */ = {
			isa = XCRemoteSwiftPackageReference;
			repositoryURL = "https://github.com/Swinject/Swinject.git";
			requirement = {
				kind = upToNextMajorVersion;
				minimumVersion = 2.7.1;
			};
		};
		EBC5EF2E232C1BAC00FB5ABA /* XCRemoteSwiftPackageReference "FontAwesome.swift" */ = {
			isa = XCRemoteSwiftPackageReference;
			repositoryURL = "https://github.com/thii/FontAwesome.swift.git";
			requirement = {
				kind = upToNextMajorVersion;
				minimumVersion = 1.9.0;
			};
		};
		EBC5EF31232C1DBF00FB5ABA /* XCRemoteSwiftPackageReference "Quick" */ = {
			isa = XCRemoteSwiftPackageReference;
			repositoryURL = "https://github.com/Quick/Quick.git";
			requirement = {
				kind = upToNextMajorVersion;
				minimumVersion = 2.2.0;
			};
		};
		EBC5EF34232C1DF300FB5ABA /* XCRemoteSwiftPackageReference "Nimble" */ = {
			isa = XCRemoteSwiftPackageReference;
			repositoryURL = "https://github.com/Quick/Nimble.git";
			requirement = {
				kind = upToNextMajorVersion;
				minimumVersion = 8.0.7;
			};
		};
		EBC5EF37232C1E3400FB5ABA /* XCRemoteSwiftPackageReference "Hippolyte" */ = {
			isa = XCRemoteSwiftPackageReference;
			repositoryURL = "https://github.com/JanGorman/Hippolyte.git";
			requirement = {
				kind = upToNextMajorVersion;
				minimumVersion = 1.2.1;
			};
		};
		EBC5EF4023301E5C00FB5ABA /* XCRemoteSwiftPackageReference "M13Checkbox" */ = {
			isa = XCRemoteSwiftPackageReference;
			repositoryURL = "https://github.com/devguy22/M13Checkbox.git";
			requirement = {
				branch = master;
				kind = branch;
			};
		};
		EBCDBEA9246DE74D00C65F14 /* XCRemoteSwiftPackageReference "FASwiftUI" */ = {
			isa = XCRemoteSwiftPackageReference;
			repositoryURL = "https://github.com/mattmaddux/FASwiftUI.git";
			requirement = {
				kind = upToNextMajorVersion;
				minimumVersion = 1.0.4;
			};
		};
/* End XCRemoteSwiftPackageReference section */

/* Begin XCSwiftPackageProductDependency section */
		EBC5EF26232C1A0B00FB5ABA /* StompClientLib */ = {
			isa = XCSwiftPackageProductDependency;
			package = EBC5EF25232C1A0B00FB5ABA /* XCRemoteSwiftPackageReference "StompClientLib" */;
			productName = StompClientLib;
		};
		EBC5EF2C232C1B1A00FB5ABA /* Swinject */ = {
			isa = XCSwiftPackageProductDependency;
			package = EBC5EF2B232C1B1A00FB5ABA /* XCRemoteSwiftPackageReference "Swinject" */;
			productName = Swinject;
		};
		EBC5EF2F232C1BAC00FB5ABA /* FontAwesome */ = {
			isa = XCSwiftPackageProductDependency;
			package = EBC5EF2E232C1BAC00FB5ABA /* XCRemoteSwiftPackageReference "FontAwesome.swift" */;
			productName = FontAwesome;
		};
		EBC5EF32232C1DBF00FB5ABA /* Quick */ = {
			isa = XCSwiftPackageProductDependency;
			package = EBC5EF31232C1DBF00FB5ABA /* XCRemoteSwiftPackageReference "Quick" */;
			productName = Quick;
		};
		EBC5EF35232C1DF300FB5ABA /* Nimble */ = {
			isa = XCSwiftPackageProductDependency;
			package = EBC5EF34232C1DF300FB5ABA /* XCRemoteSwiftPackageReference "Nimble" */;
			productName = Nimble;
		};
		EBC5EF38232C1E3400FB5ABA /* Hippolyte */ = {
			isa = XCSwiftPackageProductDependency;
			package = EBC5EF37232C1E3400FB5ABA /* XCRemoteSwiftPackageReference "Hippolyte" */;
			productName = Hippolyte;
		};
		EBC5EF4123301E5C00FB5ABA /* M13Checkbox */ = {
			isa = XCSwiftPackageProductDependency;
			package = EBC5EF4023301E5C00FB5ABA /* XCRemoteSwiftPackageReference "M13Checkbox" */;
			productName = M13Checkbox;
		};
		EBCDBEAA246DE74D00C65F14 /* FASwiftUI */ = {
			isa = XCSwiftPackageProductDependency;
			package = EBCDBEA9246DE74D00C65F14 /* XCRemoteSwiftPackageReference "FASwiftUI" */;
			productName = FASwiftUI;
		};
/* End XCSwiftPackageProductDependency section */
	};
	rootObject = EB91B65A2306ED6200780E24 /* Project object */;
}
